
Microsoft Visual Studio Solution File, Format Version 12.00
# Visual Studio Version 17
VisualStudioVersion = 17.11.35208.52
MinimumVisualStudioVersion = 10.0.40219.1
Project("{2150E333-8FDC-42A3-9474-1A3956D46DE8}") = "src", "src", "{60E1EA7A-82EA-4A64-93ED-7C4FABF6F865}"
EndProject
Project("{FAE04EC0-301F-11D3-BF4B-00C04F79EFBC}") = "Application", "src\Application\Application.csproj", "{C09174B1-994E-4DE5-90E9-BD345519128F}"
EndProject
Project("{FAE04EC0-301F-11D3-BF4B-00C04F79EFBC}") = "Domain", "src\Domain\Domain.csproj", "{AE3E7657-32C7-4EC8-8312-5E08BF09AFBB}"
EndProject
Project("{FAE04EC0-301F-11D3-BF4B-00C04F79EFBC}") = "Web", "src\Web\Web.csproj", "{C42B8F7F-7070-46A5-AAC8-A2F0C7FDEBA1}"
EndProject
Project("{FAE04EC0-301F-11D3-BF4B-00C04F79EFBC}") = "Infrastructure", "src\Infrastructure\Infrastructure.csproj", "{0A1D4519-3CB1-48B4-B43E-FD4DAA27A23A}"
EndProject
Global
	GlobalSection(SolutionConfigurationPlatforms) = preSolution
		Debug|Any CPU = Debug|Any CPU
		Release|Any CPU = Release|Any CPU
	EndGlobalSection
	GlobalSection(ProjectConfigurationPlatforms) = postSolution
		{C09174B1-994E-4DE5-90E9-BD345519128F}.Debug|Any CPU.ActiveCfg = Debug|Any CPU
		{C09174B1-994E-4DE5-90E9-BD345519128F}.Debug|Any CPU.Build.0 = Debug|Any CPU
		{C09174B1-994E-4DE5-90E9-BD345519128F}.Release|Any CPU.ActiveCfg = Release|Any CPU
		{C09174B1-994E-4DE5-90E9-BD345519128F}.Release|Any CPU.Build.0 = Release|Any CPU
		{AE3E7657-32C7-4EC8-8312-5E08BF09AFBB}.Debug|Any CPU.ActiveCfg = Debug|Any CPU
		{AE3E7657-32C7-4EC8-8312-5E08BF09AFBB}.Debug|Any CPU.Build.0 = Debug|Any CPU
		{AE3E7657-32C7-4EC8-8312-5E08BF09AFBB}.Release|Any CPU.ActiveCfg = Release|Any CPU
		{AE3E7657-32C7-4EC8-8312-5E08BF09AFBB}.Release|Any CPU.Build.0 = Release|Any CPU
		{C42B8F7F-7070-46A5-AAC8-A2F0C7FDEBA1}.Debug|Any CPU.ActiveCfg = Debug|Any CPU
		{C42B8F7F-7070-46A5-AAC8-A2F0C7FDEBA1}.Debug|Any CPU.Build.0 = Debug|Any CPU
		{C42B8F7F-7070-46A5-AAC8-A2F0C7FDEBA1}.Release|Any CPU.ActiveCfg = Release|Any CPU
		{C42B8F7F-7070-46A5-AAC8-A2F0C7FDEBA1}.Release|Any CPU.Build.0 = Release|Any CPU
		{0A1D4519-3CB1-48B4-B43E-FD4DAA27A23A}.Debug|Any CPU.ActiveCfg = Debug|Any CPU
		{0A1D4519-3CB1-48B4-B43E-FD4DAA27A23A}.Debug|Any CPU.Build.0 = Debug|Any CPU
		{0A1D4519-3CB1-48B4-B43E-FD4DAA27A23A}.Release|Any CPU.ActiveCfg = Release|Any CPU
		{0A1D4519-3CB1-48B4-B43E-FD4DAA27A23A}.Release|Any CPU.Build.0 = Release|Any CPU
	EndGlobalSection
	GlobalSection(SolutionProperties) = preSolution
		HideSolutionNode = FALSE
	EndGlobalSection
	GlobalSection(NestedProjects) = preSolution
		{C09174B1-994E-4DE5-90E9-BD345519128F} = {60E1EA7A-82EA-4A64-93ED-7C4FABF6F865}
		{AE3E7657-32C7-4EC8-8312-5E08BF09AFBB} = {60E1EA7A-82EA-4A64-93ED-7C4FABF6F865}
		{C42B8F7F-7070-46A5-AAC8-A2F0C7FDEBA1} = {60E1EA7A-82EA-4A64-93ED-7C4FABF6F865}
		{0A1D4519-3CB1-48B4-B43E-FD4DAA27A23A} = {60E1EA7A-82EA-4A64-93ED-7C4FABF6F865}
	EndGlobalSection
	GlobalSection(ExtensibilityGlobals) = postSolution
		SolutionGuid = {3C4A7F6C-49BA-4A01-86B1-884790656951}
	EndGlobalSection
EndGlobal
